PODS:
  - HHYCTMediator (0.0.3)

DEPENDENCIES:
  - HHYCTMediator (~> 0.0.3)

SPEC REPOS:
  https://github.com/HuiYouHua/HHYSpecs.git:
    - HHYCTMediator

SPEC CHECKSUMS:
  HHYCTMediator: 69f192a8af8bf473dd4b837f2c87051a5ce545c2

PODFILE CHECKSUM: 3e570b39c3e03d983a9d90e3ec5d3684074b3d1d

COCOAPODS: 1.5.3
